// !$*UTF8*$!
{
	archiveVersion = 1;
	classes = {
	};
	objectVersion = 46;
	objects = {

/* Begin PBXBuildFile section */
		A2349A0815D07D1D0019D6EF /* UIKit.framework in Frameworks */ = {isa = PBXBuildFile; fileRef = A2349A0715D07D1D0019D6EF /* UIKit.framework */; };
		A2349A0A15D07D1D0019D6EF /* Foundation.framework in Frameworks */ = {isa = PBXBuildFile; fileRef = A2349A0915D07D1D0019D6EF /* Foundation.framework */; };
		A2349A0C15D07D1D0019D6EF /* CoreGraphics.framework in Frameworks */ = {isa = PBXBuildFile; fileRef = A2349A0B15D07D1D0019D6EF /* CoreGraphics.framework */; };
		A2349A1215D07D1D0019D6EF /* InfoPlist.strings in Resources */ = {isa = PBXBuildFile; fileRef = A2349A1015D07D1D0019D6EF /* InfoPlist.strings */; };
		A2349A1415D07D1D0019D6EF /* main.m in Sources */ = {isa = PBXBuildFile; fileRef = A2349A1315D07D1D0019D6EF /* main.m */; };
		A2349A1815D07D1D0019D6EF /* AppDelegate.m in Sources */ = {isa = PBXBuildFile; fileRef = A2349A1715D07D1D0019D6EF /* AppDelegate.m */; };
		A2349A1B15D07D1D0019D6EF /* MainStoryboard_iPhone.storyboard in Resources */ = {isa = PBXBuildFile; fileRef = A2349A1915D07D1D0019D6EF /* MainStoryboard_iPhone.storyboard */; };
		A2349A1E15D07D1D0019D6EF /* MainStoryboard_iPad.storyboard in Resources */ = {isa = PBXBuildFile; fileRef = A2349A1C15D07D1D0019D6EF /* MainStoryboard_iPad.storyboard */; };
		A2349A2115D07D1D0019D6EF /* MasterViewController.m in Sources */ = {isa = PBXBuildFile; fileRef = A2349A2015D07D1D0019D6EF /* MasterViewController.m */; };
		A2349A2415D07D1D0019D6EF /* DetailViewController.m in Sources */ = {isa = PBXBuildFile; fileRef = A2349A2315D07D1D0019D6EF /* DetailViewController.m */; };
		A2349A2C15D07D1D0019D6EF /* SenTestingKit.framework in Frameworks */ = {isa = PBXBuildFile; fileRef = A2349A2B15D07D1D0019D6EF /* SenTestingKit.framework */; };
		A2349A2D15D07D1D0019D6EF /* UIKit.framework in Frameworks */ = {isa = PBXBuildFile; fileRef = A2349A0715D07D1D0019D6EF /* UIKit.framework */; };
		A2349A2E15D07D1D0019D6EF /* Foundation.framework in Frameworks */ = {isa = PBXBuildFile; fileRef = A2349A0915D07D1D0019D6EF /* Foundation.framework */; };
		A2349A3615D07D1E0019D6EF /* InfoPlist.strings in Resources */ = {isa = PBXBuildFile; fileRef = A2349A3415D07D1E0019D6EF /* InfoPlist.strings */; };
		A2349A3915D07D1E0019D6EF /* MyAwsamApplicationTests.m in Sources */ = {isa = PBXBuildFile; fileRef = A2349A3815D07D1E0019D6EF /* MyAwsamApplicationTests.m */; };
/* End PBXBuildFile section */

/* Begin PBXContainerItemProxy section */
		A2349A2F15D07D1D0019D6EF /* PBXContainerItemProxy */ = {
			isa = PBXContainerItemProxy;
			containerPortal = A23499FA15D07D1D0019D6EF /* Project object */;
			proxyType = 1;
			remoteGlobalIDString = A2349A0215D07D1D0019D6EF;
			remoteInfo = MyAwsamApplication;
		};
/* End PBXContainerItemProxy section */

/* Begin PBXFileReference section */
		A2349A0315D07D1D0019D6EF /* MyAwsamApplication.app */ = {isa = PBXFileReference; explicitFileType = wrapper.application; includeInIndex = 0; path = MyAwsamApplication.app; sourceTree = BUILT_PRODUCTS_DIR; };
		A2349A0715D07D1D0019D6EF /* UIKit.framework */ = {isa = PBXFileReference; lastKnownFileType = wrapper.framework; name = UIKit.framework; path = System/Library/Frameworks/UIKit.framework; sourceTree = SDKROOT; };
		A2349A0915D07D1D0019D6EF /* Foundation.framework */ = {isa = PBXFileReference; lastKnownFileType = wrapper.framework; name = Foundation.framework; path = System/Library/Frameworks/Foundation.framework; sourceTree = SDKROOT; };
		A2349A0B15D07D1D0019D6EF /* CoreGraphics.framework */ = {isa = PBXFileReference; lastKnownFileType = wrapper.framework; name = CoreGraphics.framework; path = System/Library/Frameworks/CoreGraphics.framework; sourceTree = SDKROOT; };
		A2349A0F15D07D1D0019D6EF /* MyAwsamApplication-Info.plist */ = {isa = PBXFileReference; lastKnownFileType = text.plist.xml; path = "MyAwsamApplication-Info.plist"; sourceTree = "<group>"; };
		A2349A1115D07D1D0019D6EF /* en */ = {isa = PBXFileReference; lastKnownFileType = text.plist.strings; name = en; path = en.lproj/InfoPlist.strings; sourceTree = "<group>"; };
		A2349A1315D07D1D0019D6EF /* main.m */ = {isa = PBXFileReference; lastKnownFileType = sourcecode.c.objc; path = main.m; sourceTree = "<group>"; };
		A2349A1515D07D1D0019D6EF /* MyAwsamApplication-Prefix.pch */ = {isa = PBXFileReference; lastKnownFileType = sourcecode.c.h; path = "MyAwsamApplication-Prefix.pch"; sourceTree = "<group>"; };
		A2349A1615D07D1D0019D6EF /* AppDelegate.h */ = {isa = PBXFileReference; lastKnownFileType = sourcecode.c.h; path = AppDelegate.h; sourceTree = "<group>"; };
		A2349A1715D07D1D0019D6EF /* AppDelegate.m */ = {isa = PBXFileReference; lastKnownFileType = sourcecode.c.objc; path = AppDelegate.m; sourceTree = "<group>"; };
		A2349A1A15D07D1D0019D6EF /* en */ = {isa = PBXFileReference; lastKnownFileType = file.storyboard; name = en; path = en.lproj/MainStoryboard_iPhone.storyboard; sourceTree = "<group>"; };
		A2349A1D15D07D1D0019D6EF /* en */ = {isa = PBXFileReference; lastKnownFileType = file.storyboard; name = en; path = en.lproj/MainStoryboard_iPad.storyboard; sourceTree = "<group>"; };
		A2349A1F15D07D1D0019D6EF /* MasterViewController.h */ = {isa = PBXFileReference; lastKnownFileType = sourcecode.c.h; path = MasterViewController.h; sourceTree = "<group>"; };
		A2349A2015D07D1D0019D6EF /* MasterViewController.m */ = {isa = PBXFileReference; lastKnownFileType = sourcecode.c.objc; path = MasterViewController.m; sourceTree = "<group>"; };
		A2349A2215D07D1D0019D6EF /* DetailViewController.h */ = {isa = PBXFileReference; lastKnownFileType = sourcecode.c.h; path = DetailViewController.h; sourceTree = "<group>"; };
		A2349A2315D07D1D0019D6EF /* DetailViewController.m */ = {isa = PBXFileReference; lastKnownFileType = sourcecode.c.objc; path = DetailViewController.m; sourceTree = "<group>"; };
		A2349A2A15D07D1D0019D6EF /* MyAwsamApplicationTests.octest */ = {isa = PBXFileReference; explicitFileType = wrapper.cfbundle; includeInIndex = 0; path = MyAwsamApplicationTests.octest; sourceTree = BUILT_PRODUCTS_DIR; };
		A2349A2B15D07D1D0019D6EF /* SenTestingKit.framework */ = {isa = PBXFileReference; lastKnownFileType = wrapper.framework; name = SenTestingKit.framework; path = Library/Frameworks/SenTestingKit.framework; sourceTree = DEVELOPER_DIR; };
		A2349A3315D07D1E0019D6EF /* MyAwsamApplicationTests-Info.plist */ = {isa = PBXFileReference; lastKnownFileType = text.plist.xml; path = "MyAwsamApplicationTests-Info.plist"; sourceTree = "<group>"; };
		A2349A3515D07D1E0019D6EF /* en */ = {isa = PBXFileReference; lastKnownFileType = text.plist.strings; name = en; path = en.lproj/InfoPlist.strings; sourceTree = "<group>"; };
		A2349A3715D07D1E0019D6EF /* MyAwsamApplicationTests.h */ = {isa = PBXFileReference; lastKnownFileType = sourcecode.c.h; path = MyAwsamApplicationTests.h; sourceTree = "<group>"; };
		A2349A3815D07D1E0019D6EF /* MyAwsamApplicationTests.m */ = {isa = PBXFileReference; lastKnownFileType = sourcecode.c.objc; path = MyAwsamApplicationTests.m; sourceTree = "<group>"; };
/* End PBXFileReference section */

/* Begin PBXFrameworksBuildPhase section */
		A2349A0015D07D1D0019D6EF /* Frameworks */ = {
			isa = PBXFrameworksBuildPhase;
			buildActionMask = 2147483647;
			files = (
				A2349A0815D07D1D0019D6EF /* UIKit.framework in Frameworks */,
				A2349A0A15D07D1D0019D6EF /* Foundation.framework in Frameworks */,
				A2349A0C15D07D1D0019D6EF /* CoreGraphics.framework in Frameworks */,
			);
			runOnlyForDeploymentPostprocessing = 0;
		};
		A2349A2615D07D1D0019D6EF /* Frameworks */ = {
			isa = PBXFrameworksBuildPhase;
			buildActionMask = 2147483647;
			files = (
				A2349A2C15D07D1D0019D6EF /* SenTestingKit.framework in Frameworks */,
				A2349A2D15D07D1D0019D6EF /* UIKit.framework in Frameworks */,
				A2349A2E15D07D1D0019D6EF /* Foundation.framework in Frameworks */,
			);
			runOnlyForDeploymentPostprocessing = 0;
		};
/* End PBXFrameworksBuildPhase section */

/* Begin PBXGroup section */
		A23499F815D07D1D0019D6EF = {
			isa = PBXGroup;
			children = (
				A2349A0D15D07D1D0019D6EF /* MyAwsamApplication */,
				A2349A3115D07D1D0019D6EF /* MyAwsamApplicationTests */,
				A2349A0615D07D1D0019D6EF /* Frameworks */,
				A2349A0415D07D1D0019D6EF /* Products */,
			);
			sourceTree = "<group>";
		};
		A2349A0415D07D1D0019D6EF /* Products */ = {
			isa = PBXGroup;
			children = (
				A2349A0315D07D1D0019D6EF /* MyAwsamApplication.app */,
				A2349A2A15D07D1D0019D6EF /* MyAwsamApplicationTests.octest */,
			);
			name = Products;
			sourceTree = "<group>";
		};
		A2349A0615D07D1D0019D6EF /* Frameworks */ = {
			isa = PBXGroup;
			children = (
				A2349A0715D07D1D0019D6EF /* UIKit.framework */,
				A2349A0915D07D1D0019D6EF /* Foundation.framework */,
				A2349A0B15D07D1D0019D6EF /* CoreGraphics.framework */,
				A2349A2B15D07D1D0019D6EF /* SenTestingKit.framework */,
			);
			name = Frameworks;
			sourceTree = "<group>";
		};
		A2349A0D15D07D1D0019D6EF /* MyAwsamApplication */ = {
			isa = PBXGroup;
			children = (
				A2349A1615D07D1D0019D6EF /* AppDelegate.h */,
				A2349A1715D07D1D0019D6EF /* AppDelegate.m */,
				A2349A1915D07D1D0019D6EF /* MainStoryboard_iPhone.storyboard */,
				A2349A1C15D07D1D0019D6EF /* MainStoryboard_iPad.storyboard */,
				A2349A1F15D07D1D0019D6EF /* MasterViewController.h */,
				A2349A2015D07D1D0019D6EF /* MasterViewController.m */,
				A2349A2215D07D1D0019D6EF /* DetailViewController.h */,
				A2349A2315D07D1D0019D6EF /* DetailViewController.m */,
				A2349A0E15D07D1D0019D6EF /* Supporting Files */,
			);
			path = MyAwsamApplication;
			sourceTree = "<group>";
		};
		A2349A0E15D07D1D0019D6EF /* Supporting Files */ = {
			isa = PBXGroup;
			children = (
				A2349A0F15D07D1D0019D6EF /* MyAwsamApplication-Info.plist */,
				A2349A1015D07D1D0019D6EF /* InfoPlist.strings */,
				A2349A1315D07D1D0019D6EF /* main.m */,
				A2349A1515D07D1D0019D6EF /* MyAwsamApplication-Prefix.pch */,
			);
			name = "Supporting Files";
			sourceTree = "<group>";
		};
		A2349A3115D07D1D0019D6EF /* MyAwsamApplicationTests */ = {
			isa = PBXGroup;
			children = (
				A2349A3715D07D1E0019D6EF /* MyAwsamApplicationTests.h */,
				A2349A3815D07D1E0019D6EF /* MyAwsamApplicationTests.m */,
				A2349A3215D07D1E0019D6EF /* Supporting Files */,
			);
			path = MyAwsamApplicationTests;
			sourceTree = "<group>";
		};
		A2349A3215D07D1E0019D6EF /* Supporting Files */ = {
			isa = PBXGroup;
			children = (
				A2349A3315D07D1E0019D6EF /* MyAwsamApplicationTests-Info.plist */,
				A2349A3415D07D1E0019D6EF /* InfoPlist.strings */,
			);
			name = "Supporting Files";
			sourceTree = "<group>";
		};
/* End PBXGroup section */

/* Begin PBXNativeTarget section */
		A2349A0215D07D1D0019D6EF /* MyAwsamApplication */ = {
			isa = PBXNativeTarget;
			buildConfigurationList = A2349A3C15D07D1E0019D6EF /* Build configuration list for PBXNativeTarget "MyAwsamApplication" */;
			buildPhases = (
				A23499FF15D07D1D0019D6EF /* Sources */,
				A2349A0015D07D1D0019D6EF /* Frameworks */,
				A2349A0115D07D1D0019D6EF /* Resources */,
			);
			buildRules = (
			);
			dependencies = (
			);
			name = MyAwsamApplication;
			productName = MyAwsamApplication;
			productReference = A2349A0315D07D1D0019D6EF /* MyAwsamApplication.app */;
			productType = "com.apple.product-type.application";
		};
		A2349A2915D07D1D0019D6EF /* MyAwsamApplicationTests */ = {
			isa = PBXNativeTarget;
			buildConfigurationList = A2349A3F15D07D1E0019D6EF /* Build configuration list for PBXNativeTarget "MyAwsamApplicationTests" */;
			buildPhases = (
				A2349A2515D07D1D0019D6EF /* Sources */,
				A2349A2615D07D1D0019D6EF /* Frameworks */,
				A2349A2715D07D1D0019D6EF /* Resources */,
				A2349A2815D07D1D0019D6EF /* ShellScript */,
			);
			buildRules = (
			);
			dependencies = (
				A2349A3015D07D1D0019D6EF /* PBXTargetDependency */,
			);
			name = MyAwsamApplicationTests;
			productName = MyAwsamApplicationTests;
			productReference = A2349A2A15D07D1D0019D6EF /* MyAwsamApplicationTests.octest */;
			productType = "com.apple.product-type.bundle";
		};
/* End PBXNativeTarget section */

/* Begin PBXProject section */
		A23499FA15D07D1D0019D6EF /* Project object */ = {
			isa = PBXProject;
			attributes = {
				LastUpgradeCheck = 0440;
				ORGANIZATIONNAME = "Herwart Schmidt-Joos";
			};
			buildConfigurationList = A23499FD15D07D1D0019D6EF /* Build configuration list for PBXProject "MyAwsamApplication" */;
			compatibilityVersion = "Xcode 3.2";
			developmentRegion = English;
			hasScannedForEncodings = 0;
			knownRegions = (
				en,
			);
			mainGroup = A23499F815D07D1D0019D6EF;
			productRefGroup = A2349A0415D07D1D0019D6EF /* Products */;
			projectDirPath = "";
			projectRoot = "";
			targets = (
				A2349A0215D07D1D0019D6EF /* MyAwsamApplication */,
				A2349A2915D07D1D0019D6EF /* MyAwsamApplicationTests */,
			);
		};
/* End PBXProject section */

/* Begin PBXResourcesBuildPhase section */
		A2349A0115D07D1D0019D6EF /* Resources */ = {
			isa = PBXResourcesBuildPhase;
			buildActionMask = 2147483647;
			files = (
				A2349A1215D07D1D0019D6EF /* InfoPlist.strings in Resources */,
				A2349A1B15D07D1D0019D6EF /* MainStoryboard_iPhone.storyboard in Resources */,
				A2349A1E15D07D1D0019D6EF /* MainStoryboard_iPad.storyboard in Resources */,
			);
			runOnlyForDeploymentPostprocessing = 0;
		};
		A2349A2715D07D1D0019D6EF /* Resources */ = {
			isa = PBXResourcesBuildPhase;
			buildActionMask = 2147483647;
			files = (
				A2349A3615D07D1E0019D6EF /* InfoPlist.strings in Resources */,
			);
			runOnlyForDeploymentPostprocessing = 0;
		};
/* End PBXResourcesBuildPhase section */

/* Begin PBXShellScriptBuildPhase section */
		A2349A2815D07D1D0019D6EF /* ShellScript */ = {
			isa = PBXShellScriptBuildPhase;
			buildActionMask = 2147483647;
			files = (
			);
			inputPaths = (
			);
			outputPaths = (
			);
			runOnlyForDeploymentPostprocessing = 0;
			shellPath = /bin/sh;
			shellScript = "# Run the unit tests in this test bundle.\n\"${SYSTEM_DEVELOPER_DIR}/Tools/RunUnitTests\"\n";
		};
/* End PBXShellScriptBuildPhase section */

/* Begin PBXSourcesBuildPhase section */
		A23499FF15D07D1D0019D6EF /* Sources */ = {
			isa = PBXSourcesBuildPhase;
			buildActionMask = 2147483647;
			files = (
				A2349A1415D07D1D0019D6EF /* main.m in Sources */,
				A2349A1815D07D1D0019D6EF /* AppDelegate.m in Sources */,
				A2349A2115D07D1D0019D6EF /* MasterViewController.m in Sources */,
				A2349A2415D07D1D0019D6EF /* DetailViewController.m in Sources */,
			);
			runOnlyForDeploymentPostprocessing = 0;
		};
		A2349A2515D07D1D0019D6EF /* Sources */ = {
			isa = PBXSourcesBuildPhase;
			buildActionMask = 2147483647;
			files = (
				A2349A3915D07D1E0019D6EF /* MyAwsamApplicationTests.m in Sources */,
			);
			runOnlyForDeploymentPostprocessing = 0;
		};
/* End PBXSourcesBuildPhase section */

/* Begin PBXTargetDependency section */
		A2349A3015D07D1D0019D6EF /* PBXTargetDependency */ = {
			isa = PBXTargetDependency;
			target = A2349A0215D07D1D0019D6EF /* MyAwsamApplication */;
			targetProxy = A2349A2F15D07D1D0019D6EF /* PBXContainerItemProxy */;
		};
/* End PBXTargetDependency section */

/* Begin PBXVariantGroup section */
		A2349A1015D07D1D0019D6EF /* InfoPlist.strings */ = {
			isa = PBXVariantGroup;
			children = (
				A2349A1115D07D1D0019D6EF /* en */,
			);
			name = InfoPlist.strings;
			sourceTree = "<group>";
		};
		A2349A1915D07D1D0019D6EF /* MainStoryboard_iPhone.storyboard */ = {
			isa = PBXVariantGroup;
			children = (
				A2349A1A15D07D1D0019D6EF /* en */,
			);
			name = MainStoryboard_iPhone.storyboard;
			sourceTree = "<group>";
		};
		A2349A1C15D07D1D0019D6EF /* MainStoryboard_iPad.storyboard */ = {
			isa = PBXVariantGroup;
			children = (
				A2349A1D15D07D1D0019D6EF /* en */,
			);
			name = MainStoryboard_iPad.storyboard;
			sourceTree = "<group>";
		};
		A2349A3415D07D1E0019D6EF /* InfoPlist.strings */ = {
			isa = PBXVariantGroup;
			children = (
				A2349A3515D07D1E0019D6EF /* en */,
			);
			name = InfoPlist.strings;
			sourceTree = "<group>";
		};
/* End PBXVariantGroup section */

/* Begin XCBuildConfiguration section */
		A2349A3A15D07D1E0019D6EF /* Debug */ = {
			isa = XCBuildConfiguration;
			buildSettings = {
				ALWAYS_SEARCH_USER_PATHS = NO;
				ARCHS = "$(ARCHS_STANDARD_32_BIT)";
				CLANG_CXX_LANGUAGE_STANDARD = "gnu++0x";
				CLANG_ENABLE_OBJC_ARC = YES;
				CLANG_WARN__DUPLICATE_METHOD_MATCH = YES;
				"CODE_SIGN_IDENTITY[sdk=iphoneos*]" = "iPhone Developer";
				COPY_PHASE_STRIP = NO;
				GCC_C_LANGUAGE_STANDARD = gnu99;
				GCC_DYNAMIC_NO_PIC = NO;
				GCC_OPTIMIZATION_LEVEL = 0;
				GCC_PREPROCESSOR_DEFINITIONS = (
					"DEBUG=1",
					"$(inherited)",
				);
				GCC_SYMBOLS_PRIVATE_EXTERN = NO;
				GCC_VERSION = com.apple.compilers.llvm.clang.1_0;
				GCC_WARN_ABOUT_RETURN_TYPE = YES;
				GCC_WARN_UNINITIALIZED_AUTOS = YES;
				GCC_WARN_UNUSED_VARIABLE = YES;
				IPHONEOS_DEPLOYMENT_TARGET = 5.1;
				SDKROOT = iphoneos;
				TARGETED_DEVICE_FAMILY = "1,2";
			};
			name = Debug;
		};
		A2349A3B15D07D1E0019D6EF /* Release */ = {
			isa = XCBuildConfiguration;
			buildSettings = {
				ALWAYS_SEARCH_USER_PATHS = NO;
				ARCHS = "$(ARCHS_STANDARD_32_BIT)";
				CLANG_CXX_LANGUAGE_STANDARD = "gnu++0x";
				CLANG_ENABLE_OBJC_ARC = YES;
				CLANG_WARN__DUPLICATE_METHOD_MATCH = YES;
				"CODE_SIGN_IDENTITY[sdk=iphoneos*]" = "iPhone Developer";
				COPY_PHASE_STRIP = YES;
				GCC_C_LANGUAGE_STANDARD = gnu99;
				GCC_VERSION = com.apple.compilers.llvm.clang.1_0;
				GCC_WARN_ABOUT_RETURN_TYPE = YES;
				GCC_WARN_UNINITIALIZED_AUTOS = YES;
				GCC_WARN_UNUSED_VARIABLE = YES;
				IPHONEOS_DEPLOYMENT_TARGET = 5.1;
				OTHER_CFLAGS = "-DNS_BLOCK_ASSERTIONS=1";
				SDKROOT = iphoneos;
				TARGETED_DEVICE_FAMILY = "1,2";
				VALIDATE_PRODUCT = YES;
			};
			name = Release;
		};
		A2349A3D15D07D1E0019D6EF /* Debug */ = {
			isa = XCBuildConfiguration;
			buildSettings = {
				GCC_PRECOMPILE_PREFIX_HEADER = YES;
				GCC_PREFIX_HEADER = "MyAwsamApplication/MyAwsamApplication-Prefix.pch";
				INFOPLIST_FILE = "MyAwsamApplication/MyAwsamApplication-Info.plist";
				PRODUCT_NAME = "$(TARGET_NAME)";
				WRAPPER_EXTENSION = app;
			};
			name = Debug;
		};
		A2349A3E15D07D1E0019D6EF /* Release */ = {
			isa = XCBuildConfiguration;
			buildSettings = {
				GCC_PRECOMPILE_PREFIX_HEADER = YES;
				GCC_PREFIX_HEADER = "MyAwsamApplication/MyAwsamApplication-Prefix.pch";
				INFOPLIST_FILE = "MyAwsamApplication/MyAwsamApplication-Info.plist";
				PRODUCT_NAME = "$(TARGET_NAME)";
				WRAPPER_EXTENSION = app;
			};
			name = Release;
		};
		A2349A4015D07D1E0019D6EF /* Debug */ = {
			isa = XCBuildConfiguration;
			buildSettings = {
				BUNDLE_LOADER = "$(BUILT_PRODUCTS_DIR)/MyAwsamApplication.app/MyAwsamApplication";
				FRAMEWORK_SEARCH_PATHS = (
					"\"$(SDKROOT)/Developer/Library/Frameworks\"",
					"\"$(DEVELOPER_LIBRARY_DIR)/Frameworks\"",
				);
				GCC_PRECOMPILE_PREFIX_HEADER = YES;
				GCC_PREFIX_HEADER = "MyAwsamApplication/MyAwsamApplication-Prefix.pch";
				INFOPLIST_FILE = "MyAwsamApplicationTests/MyAwsamApplicationTests-Info.plist";
				PRODUCT_NAME = "$(TARGET_NAME)";
				TEST_HOST = "$(BUNDLE_LOADER)";
				WRAPPER_EXTENSION = octest;
			};
			name = Debug;
		};
		A2349A4115D07D1E0019D6EF /* Release */ = {
			isa = XCBuildConfiguration;
			buildSettings = {
				BUNDLE_LOADER = "$(BUILT_PRODUCTS_DIR)/MyAwsamApplication.app/MyAwsamApplication";
				FRAMEWORK_SEARCH_PATHS = (
					"\"$(SDKROOT)/Developer/Library/Frameworks\"",
					"\"$(DEVELOPER_LIBRARY_DIR)/Frameworks\"",
				);
				GCC_PRECOMPILE_PREFIX_HEADER = YES;
				GCC_PREFIX_HEADER = "MyAwsamApplication/MyAwsamApplication-Prefix.pch";
				INFOPLIST_FILE = "MyAwsamApplicationTests/MyAwsamApplicationTests-Info.plist";
				PRODUCT_NAME = "$(TARGET_NAME)";
				TEST_HOST = "$(BUNDLE_LOADER)";
				WRAPPER_EXTENSION = octest;
			};
			name = Release;
		};
/* End XCBuildConfiguration section */

/* Begin XCConfigurationList section */
		A23499FD15D07D1D0019D6EF /* Build configuration list for PBXProject "MyAwsamApplication" */ = {
			isa = XCConfigurationList;
			buildConfigurations = (
				A2349A3A15D07D1E0019D6EF /* Debug */,
				A2349A3B15D07D1E0019D6EF /* Release */,
			);
			defaultConfigurationIsVisible = 0;
			defaultConfigurationName = Release;
		};
		A2349A3C15D07D1E0019D6EF /* Build configuration list for PBXNativeTarget "MyAwsamApplication" */ = {
			isa = XCConfigurationList;
			buildConfigurations = (
				A2349A3D15D07D1E0019D6EF /* Debug */,
				A2349A3E15D07D1E0019D6EF /* Release */,
			);
			defaultConfigurationIsVisible = 0;
		};
		A2349A3F15D07D1E0019D6EF /* Build configuration list for PBXNativeTarget "MyAwsamApplicationTests" */ = {
			isa = XCConfigurationList;
			buildConfigurations = (
				A2349A4015D07D1E0019D6EF /* Debug */,
				A2349A4115D07D1E0019D6EF /* Release */,
			);
			defaultConfigurationIsVisible = 0;
		};
/* End XCConfigurationList section */
	};
	rootObject = A23499FA15D07D1D0019D6EF /* Project object */;
}
